// !$*UTF8*$!
{
	archiveVersion = 1;
	classes = {
	};
	objectVersion = 50;
	objects = {

/* Begin PBXBuildFile section */
		4A960E8B27524D5600E3B254 /* Meme.swift in Sources */ = {isa = PBXBuildFile; fileRef = 4A960E8A27524D5600E3B254 /* Meme.swift */; };
		4ACFCDDD2715C98B000DD7EC /* AppDelegate.swift in Sources */ = {isa = PBXBuildFile; fileRef = 4ACFCDDC2715C98B000DD7EC /* AppDelegate.swift */; };
		4ACFCDDF2715C98B000DD7EC /* SceneDelegate.swift in Sources */ = {isa = PBXBuildFile; fileRef = 4ACFCDDE2715C98B000DD7EC /* SceneDelegate.swift */; };
		4ACFCDE12715C98B000DD7EC /* ViewController.swift in Sources */ = {isa = PBXBuildFile; fileRef = 4ACFCDE02715C98B000DD7EC /* ViewController.swift */; };
		4ACFCDE42715C98B000DD7EC /* Main.storyboard in Resources */ = {isa = PBXBuildFile; fileRef = 4ACFCDE22715C98B000DD7EC /* Main.storyboard */; };
		4ACFCDE62715C98C000DD7EC /* Assets.xcassets in Resources */ = {isa = PBXBuildFile; fileRef = 4ACFCDE52715C98C000DD7EC /* Assets.xcassets */; };
		4ACFCDE92715C98C000DD7EC /* LaunchScreen.storyboard in Resources */ = {isa = PBXBuildFile; fileRef = 4ACFCDE72715C98C000DD7EC /* LaunchScreen.storyboard */; };
/* End PBXBuildFile section */

/* Begin PBXFileReference section */
		4A960E8A27524D5600E3B254 /* Meme.swift */ = {isa = PBXFileReference; lastKnownFileType = sourcecode.swift; path = Meme.swift; sourceTree = "<group>"; };
		4ACFCDD92715C98B000DD7EC /* MEME.app */ = {isa = PBXFileReference; explicitFileType = wrapper.application; includeInIndex = 0; path = MEME.app; sourceTree = BUILT_PRODUCTS_DIR; };
		4ACFCDDC2715C98B000DD7EC /* AppDelegate.swift */ = {isa = PBXFileReference; lastKnownFileType = sourcecode.swift; path = AppDelegate.swift; sourceTree = "<group>"; };
		4ACFCDDE2715C98B000DD7EC /* SceneDelegate.swift */ = {isa = PBXFileReference; lastKnownFileType = sourcecode.swift; path = SceneDelegate.swift; sourceTree = "<group>"; };
		4ACFCDE02715C98B000DD7EC /* ViewController.swift */ = {isa = PBXFileReference; lastKnownFileType = sourcecode.swift; path = ViewController.swift; sourceTree = "<group>"; };
		4ACFCDE32715C98B000DD7EC /* Base */ = {isa = PBXFileReference; lastKnownFileType = file.storyboard; name = Base; path = Base.lproj/Main.storyboard; sourceTree = "<group>"; };
		4ACFCDE52715C98C000DD7EC /* Assets.xcassets */ = {isa = PBXFileReference; lastKnownFileType = folder.assetcatalog; path = Assets.xcassets; sourceTree = "<group>"; };
		4ACFCDE82715C98C000DD7EC /* Base */ = {isa = PBXFileReference; lastKnownFileType = file.storyboard; name = Base; path = Base.lproj/LaunchScreen.storyboard; sourceTree = "<group>"; };
		4ACFCDEA2715C98C000DD7EC /* Info.plist */ = {isa = PBXFileReference; lastKnownFileType = text.plist.xml; path = Info.plist; sourceTree = "<group>"; };
/* End PBXFileReference section */

/* Begin PBXFrameworksBuildPhase section */
		4ACFCDD62715C98B000DD7EC /* Frameworks */ = {
			isa = PBXFrameworksBuildPhase;
			buildActionMask = 2147483647;
			files = (
			);
			runOnlyForDeploymentPostprocessing = 0;
		};
/* End PBXFrameworksBuildPhase section */

/* Begin PBXGroup section */
		4ACFCDD02715C98B000DD7EC = {
			isa = PBXGroup;
			children = (
				4ACFCDDB2715C98B000DD7EC /* MEME */,
				4ACFCDDA2715C98B000DD7EC /* Products */,
			);
			sourceTree = "<group>";
		};
		4ACFCDDA2715C98B000DD7EC /* Products */ = {
			isa = PBXGroup;
			children = (
				4ACFCDD92715C98B000DD7EC /* MEME.app */,
			);
			name = Products;
			sourceTree = "<group>";
		};
		4ACFCDDB2715C98B000DD7EC /* MEME */ = {
			isa = PBXGroup;
			children = (
				4ACFCDDC2715C98B000DD7EC /* AppDelegate.swift */,
				4ACFCDDE2715C98B000DD7EC /* SceneDelegate.swift */,
				4ACFCDE02715C98B000DD7EC /* ViewController.swift */,
				4ACFCDE22715C98B000DD7EC /* Main.storyboard */,
				4ACFCDE52715C98C000DD7EC /* Assets.xcassets */,
				4ACFCDE72715C98C000DD7EC /* LaunchScreen.storyboard */,
				4ACFCDEA2715C98C000DD7EC /* Info.plist */,
				4A960E8A27524D5600E3B254 /* Meme.swift */,
			);
			path = MEME;
			sourceTree = "<group>";
		};
/* End PBXGroup section */

/* Begin PBXNativeTarget section */
		4ACFCDD82715C98B000DD7EC /* MEME */ = {
			isa = PBXNativeTarget;
			buildConfigurationList = 4ACFCDED2715C98C000DD7EC /* Build configuration list for PBXNativeTarget "MEME" */;
			buildPhases = (
				4ACFCDD52715C98B000DD7EC /* Sources */,
				4ACFCDD62715C98B000DD7EC /* Frameworks */,
				4ACFCDD72715C98B000DD7EC /* Resources */,
			);
			buildRules = (
			);
			dependencies = (
			);
			name = MEME;
			productName = MEME;
			productReference = 4ACFCDD92715C98B000DD7EC /* MEME.app */;
			productType = "com.apple.product-type.application";
		};
/* End PBXNativeTarget section */

/* Begin PBXProject section */
		4ACFCDD12715C98B000DD7EC /* Project object */ = {
			isa = PBXProject;
			attributes = {
				LastSwiftUpdateCheck = 1200;
				LastUpgradeCheck = 1200;
				TargetAttributes = {
					4ACFCDD82715C98B000DD7EC = {
						CreatedOnToolsVersion = 12.0.1;
					};
				};
			};
			buildConfigurationList = 4ACFCDD42715C98B000DD7EC /* Build configuration list for PBXProject "MEME" */;
			compatibilityVersion = "Xcode 9.3";
			developmentRegion = en;
			hasScannedForEncodings = 0;
			knownRegions = (
				en,
				Base,
			);
			mainGroup = 4ACFCDD02715C98B000DD7EC;
			productRefGroup = 4ACFCDDA2715C98B000DD7EC /* Products */;
			projectDirPath = "";
			projectRoot = "";
			targets = (
				4ACFCDD82715C98B000DD7EC /* MEME */,
			);
		};
/* End PBXProject section */

/* Begin PBXResourcesBuildPhase section */
		4ACFCDD72715C98B000DD7EC /* Resources */ = {
			isa = PBXResourcesBuildPhase;
			buildActionMask = 2147483647;
			files = (
				4ACFCDE92715C98C000DD7EC /* LaunchScreen.storyboard in Resources */,
				4ACFCDE62715C98C000DD7EC /* Assets.xcassets in Resources */,
				4ACFCDE42715C98B000DD7EC /* Main.storyboard in Resources */,
			);
			runOnlyForDeploymentPostprocessing = 0;
		};
/* End PBXResourcesBuildPhase section */

/* Begin PBXSourcesBuildPhase section */
		4ACFCDD52715C98B000DD7EC /* Sources */ = {
			isa = PBXSourcesBuildPhase;
			buildActionMask = 2147483647;
			files = (
				4ACFCDE12715C98B000DD7EC /* ViewController.swift in Sources */,
				4A960E8B27524D5600E3B254 /* Meme.swift in Sources */,
				4ACFCDDD2715C98B000DD7EC /* AppDelegate.swift in Sources */,
				4ACFCDDF2715C98B000DD7EC /* SceneDelegate.swift in Sources */,
			);
			runOnlyForDeploymentPostprocessing = 0;
		};
/* End PBXSourcesBuildPhase section */

/* Begin PBXVariantGroup section */
		4ACFCDE22715C98B000DD7EC /* Main.storyboard */ = {
			isa = PBXVariantGroup;
			children = (
				4ACFCDE32715C98B000DD7EC /* Base */,
			);
			name = Main.storyboard;
			sourceTree = "<group>";
		};
		4ACFCDE72715C98C000DD7EC /* LaunchScreen.storyboard */ = {
			isa = PBXVariantGroup;
			children = (
				4ACFCDE82715C98C000DD7EC /* Base */,
			);
			name = LaunchScreen.storyboard;
			sourceTree = "<group>";
		};
/* End PBXVariantGroup section */

/* Begin XCBuildConfiguration section */
		4ACFCDEB2715C98C000DD7EC /* Debug */ = {
			isa = XCBuildConfiguration;
			buildSettings = {
				ALWAYS_SEARCH_USER_PATHS = NO;
				CLANG_ANALYZER_NONNULL = YES;
				CLANG_ANALYZER_NUMBER_OBJECT_CONVERSION = YES_AGGRESSIVE;
				CLANG_CXX_LANGUAGE_STANDARD = "gnu++14";
				CLANG_CXX_LIBRARY = "libc++";
				CLANG_ENABLE_MODULES = YES;
				CLANG_ENABLE_OBJC_ARC = YES;
				CLANG_ENABLE_OBJC_WEAK = YES;
				CLANG_WARN_BLOCK_CAPTURE_AUTORELEASING = YES;
				CLANG_WARN_BOOL_CONVERSION = YES;
				CLANG_WARN_COMMA = YES;
				CLANG_WARN_CONSTANT_CONVERSION = YES;
				CLANG_WARN_DEPRECATED_OBJC_IMPLEMENTATIONS = YES;
				CLANG_WARN_DIRECT_OBJC_ISA_USAGE = YES_ERROR;
				CLANG_WARN_DOCUMENTATION_COMMENTS = YES;
				CLANG_WARN_EMPTY_BODY = YES;
				CLANG_WARN_ENUM_CONVERSION = YES;
				CLANG_WARN_INFINITE_RECURSION = YES;
				CLANG_WARN_INT_CONVERSION = YES;
				CLANG_WARN_NON_LITERAL_NULL_CONVERSION = YES;
				CLANG_WARN_OBJC_IMPLICIT_RETAIN_SELF = YES;
				CLANG_WARN_OBJC_LITERAL_CONVERSION = YES;
				CLANG_WARN_OBJC_ROOT_CLASS = YES_ERROR;
				CLANG_WARN_QUOTED_INCLUDE_IN_FRAMEWORK_HEADER = YES;
				CLANG_WARN_RANGE_LOOP_ANALYSIS = YES;
				CLANG_WARN_STRICT_PROTOTYPES = YES;
				CLANG_WARN_SUSPICIOUS_MOVE = YES;
				CLANG_WARN_UNGUARDED_AVAILABILITY = YES_AGGRESSIVE;
				CLANG_WARN_UNREACHABLE_CODE = YES;
				CLANG_WARN__DUPLICATE_METHOD_MATCH = YES;
				COPY_PHASE_STRIP = NO;
				DEBUG_INFORMATION_FORMAT = dwarf;
				ENABLE_STRICT_OBJC_MSGSEND = YES;
				ENABLE_TESTABILITY = YES;
				GCC_C_LANGUAGE_STANDARD = gnu11;
				GCC_DYNAMIC_NO_PIC = NO;
				GCC_NO_COMMON_BLOCKS = YES;
				GCC_OPTIMIZATION_LEVEL = 0;
				GCC_PREPROCESSOR_DEFINITIONS = (
					"DEBUG=1",
					"$(inherited)",
				);
				GCC_WARN_64_TO_32_BIT_CONVERSION = YES;
				GCC_WARN_ABOUT_RETURN_TYPE = YES_ERROR;
				GCC_WARN_UNDECLARED_SELECTOR = YES;
				GCC_WARN_UNINITIALIZED_AUTOS = YES_AGGRESSIVE;
				GCC_WARN_UNUSED_FUNCTION = YES;
				GCC_WARN_UNUSED_VARIABLE = YES;
				IPHONEOS_DEPLOYMENT_TARGET = 14.0;
				MTL_ENABLE_DEBUG_INFO = INCLUDE_SOURCE;
				MTL_FAST_MATH = YES;
				ONLY_ACTIVE_ARCH = YES;
				SDKROOT = iphoneos;
				SWIFT_ACTIVE_COMPILATION_CONDITIONS = DEBUG;
				SWIFT_OPTIMIZATION_LEVEL = "-Onone";
			};
			name = Debug;
		};
		4ACFCDEC2715C98C000DD7EC /* Release */ = {
			isa = XCBuildConfiguration;
			buildSettings = {
				ALWAYS_SEARCH_USER_PATHS = NO;
				CLANG_ANALYZER_NONNULL = YES;
				CLANG_ANALYZER_NUMBER_OBJECT_CONVERSION = YES_AGGRESSIVE;
				CLANG_CXX_LANGUAGE_STANDARD = "gnu++14";
				CLANG_CXX_LIBRARY = "libc++";
				CLANG_ENABLE_MODULES = YES;
				CLANG_ENABLE_OBJC_ARC = YES;
				CLANG_ENABLE_OBJC_WEAK = YES;
				CLANG_WARN_BLOCK_CAPTURE_AUTORELEASING = YES;
				CLANG_WARN_BOOL_CONVERSION = YES;
				CLANG_WARN_COMMA = YES;
				CLANG_WARN_CONSTANT_CONVERSION = YES;
				CLANG_WARN_DEPRECATED_OBJC_IMPLEMENTATIONS = YES;
				CLANG_WARN_DIRECT_OBJC_ISA_USAGE = YES_ERROR;
				CLANG_WARN_DOCUMENTATION_COMMENTS = YES;
				CLANG_WARN_EMPTY_BODY = YES;
				CLANG_WARN_ENUM_CONVERSION = YES;
				CLANG_WARN_INFINITE_RECURSION = YES;
				CLANG_WARN_INT_CONVERSION = YES;
				CLANG_WARN_NON_LITERAL_NULL_CONVERSION = YES;
				CLANG_WARN_OBJC_IMPLICIT_RETAIN_SELF = YES;
				CLANG_WARN_OBJC_LITERAL_CONVERSION = YES;
				CLANG_WARN_OBJC_ROOT_CLASS = YES_ERROR;
				CLANG_WARN_QUOTED_INCLUDE_IN_FRAMEWORK_HEADER = YES;
				CLANG_WARN_RANGE_LOOP_ANALYSIS = YES;
				CLANG_WARN_STRICT_PROTOTYPES = YES;
				CLANG_WARN_SUSPICIOUS_MOVE = YES;
				CLANG_WARN_UNGUARDED_AVAILABILITY = YES_AGGRESSIVE;
				CLANG_WARN_UNREACHABLE_CODE = YES;
				CLANG_WARN__DUPLICATE_METHOD_MATCH = YES;
				COPY_PHASE_STRIP = NO;
				DEBUG_INFORMATION_FORMAT = "dwarf-with-dsym";
				ENABLE_NS_ASSERTIONS = NO;
				ENABLE_STRICT_OBJC_MSGSEND = YES;
				GCC_C_LANGUAGE_STANDARD = gnu11;
				GCC_NO_COMMON_BLOCKS = YES;
				GCC_WARN_64_TO_32_BIT_CONVERSION = YES;
				GCC_WARN_ABOUT_RETURN_TYPE = YES_ERROR;
				GCC_WARN_UNDECLARED_SELECTOR = YES;
				GCC_WARN_UNINITIALIZED_AUTOS = YES_AGGRESSIVE;
				GCC_WARN_UNUSED_FUNCTION = YES;
				GCC_WARN_UNUSED_VARIABLE = YES;
				IPHONEOS_DEPLOYMENT_TARGET = 14.0;
				MTL_ENABLE_DEBUG_INFO = NO;
				MTL_FAST_MATH = YES;
				SDKROOT = iphoneos;
				SWIFT_COMPILATION_MODE = wholemodule;
				SWIFT_OPTIMIZATION_LEVEL = "-O";
				VALIDATE_PRODUCT = YES;
			};
			name = Release;
		};
		4ACFCDEE2715C98C000DD7EC /* Debug */ = {
			isa = XCBuildConfiguration;
			buildSettings = {
				ASSETCATALOG_COMPILER_APPICON_NAME = AppIcon;
				ASSETCATALOG_COMPILER_GLOBAL_ACCENT_COLOR_NAME = AccentColor;
				CODE_SIGN_STYLE = Automatic;
				DEVELOPMENT_TEAM = V6EW4588HN;
				INFOPLIST_FILE = MEME/Info.plist;
				IPHONEOS_DEPLOYMENT_TARGET = 14.0;
				LD_RUNPATH_SEARCH_PATHS = (
					"$(inherited)",
					"@executable_path/Frameworks",
				);
				PRODUCT_BUNDLE_IDENTIFIER = com.Ezzat.MEME;
				PRODUCT_NAME = "$(TARGET_NAME)";
				SWIFT_VERSION = 5.0;
				TARGETED_DEVICE_FAMILY = "1,2";
			};
			name = Debug;
		};
		4ACFCDEF2715C98C000DD7EC /* Release */ = {
			isa = XCBuildConfiguration;
			buildSettings = {
				ASSETCATALOG_COMPILER_APPICON_NAME = AppIcon;
				ASSETCATALOG_COMPILER_GLOBAL_ACCENT_COLOR_NAME = AccentColor;
				CODE_SIGN_STYLE = Automatic;
				DEVELOPMENT_TEAM = V6EW4588HN;
				INFOPLIST_FILE = MEME/Info.plist;
				IPHONEOS_DEPLOYMENT_TARGET = 14.0;
				LD_RUNPATH_SEARCH_PATHS = (
					"$(inherited)",
					"@executable_path/Frameworks",
				);
				PRODUCT_BUNDLE_IDENTIFIER = com.Ezzat.MEME;
				PRODUCT_NAME = "$(TARGET_NAME)";
				SWIFT_VERSION = 5.0;
				TARGETED_DEVICE_FAMILY = "1,2";
			};
			name = Release;
		};
/* End XCBuildConfiguration section */

/* Begin XCConfigurationList section */
		4ACFCDD42715C98B000DD7EC /* Build configuration list for PBXProject "MEME" */ = {
			isa = XCConfigurationList;
			buildConfigurations = (
				4ACFCDEB2715C98C000DD7EC /* Debug */,
				4ACFCDEC2715C98C000DD7EC /* Release */,
			);
			defaultConfigurationIsVisible = 0;
			defaultConfigurationName = Release;
		};
		4ACFCDED2715C98C000DD7EC /* Build configuration list for PBXNativeTarget "MEME" */ = {
			isa = XCConfigurationList;
			buildConfigurations = (
				4ACFCDEE2715C98C000DD7EC /* Debug */,
				4ACFCDEF2715C98C000DD7EC /* Release */,
			);
			defaultConfigurationIsVisible = 0;
			defaultConfigurationName = Release;
		};
/* End XCConfigurationList section */
	};
	rootObject = 4ACFCDD12715C98B000DD7EC /* Project object */;
}
